
Microsoft Visual Studio Solution File, Format Version 12.00
# Visual Studio Version 17
VisualStudioVersion = 17.11.35312.102
MinimumVisualStudioVersion = 10.0.40219.1
Project("{FAE04EC0-301F-11D3-BF4B-00C04F79EFBC}") = "Week14Practice1_Identity", "Week14Practice1_Identity\Week14Practice1_Identity.csproj", "{65A5CA72-C1F2-412B-BC8F-CD8BD3ECAD09}"
EndProject
Global
	GlobalSection(SolutionConfigurationPlatforms) = preSolution
		Debug|Any CPU = Debug|Any CPU
		Release|Any CPU = Release|Any CPU
	EndGlobalSection
	GlobalSection(ProjectConfigurationPlatforms) = postSolution
		{65A5CA72-C1F2-412B-BC8F-CD8BD3ECAD09}.Debug|Any CPU.ActiveCfg = Debug|Any CPU
		{65A5CA72-C1F2-412B-BC8F-CD8BD3ECAD09}.Debug|Any CPU.Build.0 = Debug|Any CPU
		{65A5CA72-C1F2-412B-BC8F-CD8BD3ECAD09}.Release|Any CPU.ActiveCfg = Release|Any CPU
		{65A5CA72-C1F2-412B-BC8F-CD8BD3ECAD09}.Release|Any CPU.Build.0 = Release|Any CPU
	EndGlobalSection
	GlobalSection(SolutionProperties) = preSolution
		HideSolutionNode = FALSE
	EndGlobalSection
	GlobalSection(ExtensibilityGlobals) = postSolution
		SolutionGuid = {287A6459-64A7-45BB-8887-49365BDB05F8}
	EndGlobalSection
EndGlobal
